
Microsoft Visual Studio Solution File, Format Version 12.00
# Visual Studio Version 17
VisualStudioVersion = 17.7.34031.279
MinimumVisualStudioVersion = 10.0.40219.1
Project("{FAE04EC0-301F-11D3-BF4B-00C04F79EFBC}") = "Tymakov", "Tymakov\Tymakov.csproj", "{455893A1-FC30-43E8-BE1A-C66857C21E94}"
EndProject
Project("{FAE04EC0-301F-11D3-BF4B-00C04F79EFBC}") = "ZADACHA", "ZADACHA\ZADACHA.csproj", "{0C6FBD41-6F7C-4204-901E-74534DFC28A3}"
EndProject
Global
	GlobalSection(SolutionConfigurationPlatforms) = preSolution
		Debug|Any CPU = Debug|Any CPU
		Release|Any CPU = Release|Any CPU
	EndGlobalSection
	GlobalSection(ProjectConfigurationPlatforms) = postSolution
		{455893A1-FC30-43E8-BE1A-C66857C21E94}.Debug|Any CPU.ActiveCfg = Debug|Any CPU
		{455893A1-FC30-43E8-BE1A-C66857C21E94}.Debug|Any CPU.Build.0 = Debug|Any CPU
		{455893A1-FC30-43E8-BE1A-C66857C21E94}.Release|Any CPU.ActiveCfg = Release|Any CPU
		{455893A1-FC30-43E8-BE1A-C66857C21E94}.Release|Any CPU.Build.0 = Release|Any CPU
		{0C6FBD41-6F7C-4204-901E-74534DFC28A3}.Debug|Any CPU.ActiveCfg = Debug|Any CPU
		{0C6FBD41-6F7C-4204-901E-74534DFC28A3}.Debug|Any CPU.Build.0 = Debug|Any CPU
		{0C6FBD41-6F7C-4204-901E-74534DFC28A3}.Release|Any CPU.ActiveCfg = Release|Any CPU
		{0C6FBD41-6F7C-4204-901E-74534DFC28A3}.Release|Any CPU.Build.0 = Release|Any CPU
	EndGlobalSection
	GlobalSection(SolutionProperties) = preSolution
		HideSolutionNode = FALSE
	EndGlobalSection
	GlobalSection(ExtensibilityGlobals) = postSolution
		SolutionGuid = {8EC17D84-E565-44E8-BBE8-33326ABC9647}
	EndGlobalSection
EndGlobal
